
Microsoft Visual Studio Solution File, Format Version 12.00
# Visual Studio Version 16
VisualStudioVersion = 16.0.32901.82
MinimumVisualStudioVersion = 10.0.40219.1
Project("{8BC9CEB8-8B4A-11D0-8D11-00A0C91BC942}") = "practice2", "practice2\practice2.vcxproj", "{74CB71E3-8C93-439C-92FC-6046A114F153}"
EndProject
Global
	GlobalSection(SolutionConfigurationPlatforms) = preSolution
		Debug|x64 = Debug|x64
		Debug|x86 = Debug|x86
		Release|x64 = Release|x64
		Release|x86 = Release|x86
	EndGlobalSection
	GlobalSection(ProjectConfigurationPlatforms) = postSolution
		{74CB71E3-8C93-439C-92FC-6046A114F153}.Debug|x64.ActiveCfg = Debug|x64
		{74CB71E3-8C93-439C-92FC-6046A114F153}.Debug|x64.Build.0 = Debug|x64
		{74CB71E3-8C93-439C-92FC-6046A114F153}.Debug|x86.ActiveCfg = Debug|Win32
		{74CB71E3-8C93-439C-92FC-6046A114F153}.Debug|x86.Build.0 = Debug|Win32
		{74CB71E3-8C93-439C-92FC-6046A114F153}.Release|x64.ActiveCfg = Release|x64
		{74CB71E3-8C93-439C-92FC-6046A114F153}.Release|x64.Build.0 = Release|x64
		{74CB71E3-8C93-439C-92FC-6046A114F153}.Release|x86.ActiveCfg = Release|Win32
		{74CB71E3-8C93-439C-92FC-6046A114F153}.Release|x86.Build.0 = Release|Win32
	EndGlobalSection
	GlobalSection(SolutionProperties) = preSolution
		HideSolutionNode = FALSE
	EndGlobalSection
	GlobalSection(ExtensibilityGlobals) = postSolution
		SolutionGuid = {A69D5EE3-4410-489D-9BF7-F801545EAACA}
	EndGlobalSection
EndGlobal
